version = 1
revision = 3
requires-python = "==3.9.*"

[[package]]
name = "coloredlogs"
version = "15.0.1"
source = { registry = "https://pypi.org/simple" }
dependencies = [
    { name = "humanfriendly" },
]
sdist = { url = "https://files.pythonhosted.org/packages/cc/c7/eed8f27100517e8c0e6b923d5f0845d0cb99763da6fdee00478f91db7325/coloredlogs-15.0.1.tar.gz", hash = "sha256:7c991aa71a4577af2f82600d8f8f3a89f936baeaf9b50a9c197da014e5bf16b0", size = 278520, upload-time = "2021-06-11T10:22:45.202Z" }
wheels = [
    { url = "https://files.pythonhosted.org/packages/a7/06/3d6badcf13db419e25b07041d9c7b4a2c331d3f4e7134445ec5df57714cd/coloredlogs-15.0.1-py2.py3-none-any.whl", hash = "sha256:612ee75c546f53e92e70049c9dbfcc18c935a2b9a53b66085ce9ef6a6e5c0934", size = 46018, upload-time = "2021-06-11T10:22:42.561Z" },
]

[[package]]
name = "dnspython"
version = "2.7.0"
source = { registry = "https://pypi.org/simple" }
sdist = { url = "https://files.pythonhosted.org/packages/b5/4a/263763cb2ba3816dd94b08ad3a33d5fdae34ecb856678773cc40a3605829/dnspython-2.7.0.tar.gz", hash = "sha256:ce9c432eda0dc91cf618a5cedf1a4e142651196bbcd2c80e89ed5a907e5cfaf1", size = 345197, upload-time = "2024-10-05T20:14:59.362Z" }
wheels = [
    { url = "https://files.pythonhosted.org/packages/68/1b/e0a87d256e40e8c888847551b20a017a6b98139178505dc7ffb96f04e954/dnspython-2.7.0-py3-none-any.whl", hash = "sha256:b4c34b7d10b51bcc3a5071e7b8dee77939f1e878477eeecc965e9835f63c6c86", size = 313632, upload-time = "2024-10-05T20:14:57.687Z" },
]

[[package]]
name = "flatbuffers"
version = "25.2.10"
source = { registry = "https://pypi.org/simple" }
sdist = { url = "https://files.pythonhosted.org/packages/e4/30/eb5dce7994fc71a2f685d98ec33cc660c0a5887db5610137e60d8cbc4489/flatbuffers-25.2.10.tar.gz", hash = "sha256:97e451377a41262f8d9bd4295cc836133415cc03d8cb966410a4af92eb00d26e", size = 22170, upload-time = "2025-02-11T04:26:46.257Z" }
wheels = [
    { url = "https://files.pythonhosted.org/packages/b8/25/155f9f080d5e4bc0082edfda032ea2bc2b8fab3f4d25d46c1e9dd22a1a89/flatbuffers-25.2.10-py2.py3-none-any.whl", hash = "sha256:ebba5f4d5ea615af3f7fd70fc310636fbb2bbd1f566ac0a23d98dd412de50051", size = 30953, upload-time = "2025-02-11T04:26:44.484Z" },
]

[[package]]
name = "googleapis-common-protos"
version = "1.70.0"
source = { registry = "https://pypi.org/simple" }
dependencies = [
    { name = "protobuf" },
]
sdist = { url = "https://files.pythonhosted.org/packages/39/24/33db22342cf4a2ea27c9955e6713140fedd51e8b141b5ce5260897020f1a/googleapis_common_protos-1.70.0.tar.gz", hash = "sha256:0e1b44e0ea153e6594f9f394fef15193a68aaaea2d843f83e2742717ca753257", size = 145903, upload-time = "2025-04-14T10:17:02.924Z" }
wheels = [
    { url = "https://files.pythonhosted.org/packages/86/f1/62a193f0227cf15a920390abe675f386dec35f7ae3ffe6da582d3ade42c7/googleapis_common_protos-1.70.0-py3-none-any.whl", hash = "sha256:b8bfcca8c25a2bb253e0e0b0adaf8c00773e5e6af6fd92397576680b807e0fd8", size = 294530, upload-time = "2025-04-14T10:17:01.271Z" },
]

[[package]]
name = "grpclib"
version = "0.4.8"
source = { registry = "https://pypi.org/simple" }
dependencies = [
    { name = "h2" },
    { name = "multidict" },
]
sdist = { url = "https://files.pythonhosted.org/packages/19/75/0f0d3524b38b35e5cd07334b754aa9bd0570140ad982131b04ebfa3b0374/grpclib-0.4.8.tar.gz", hash = "sha256:d8823763780ef94fed8b2c562f7485cf0bbee15fc7d065a640673667f7719c9a", size = 62793, upload-time = "2025-05-04T16:27:30.051Z" }
wheels = [
    { url = "https://files.pythonhosted.org/packages/03/8b/ad381ec1b8195fa4a9a693cb8087e031b99530c0d6b8ad036dcb99e144c4/grpclib-0.4.8-py3-none-any.whl", hash = "sha256:a5047733a7acc1c1cee6abf3c841c7c6fab67d2844a45a853b113fa2e6cd2654", size = 76311, upload-time = "2025-05-04T16:27:22.818Z" },
]

[[package]]
name = "h2"
version = "4.2.0"
source = { registry = "https://pypi.org/simple" }
dependencies = [
    { name = "hpack" },
    { name = "hyperframe" },
]
sdist = { url = "https://files.pythonhosted.org/packages/1b/38/d7f80fd13e6582fb8e0df8c9a653dcc02b03ca34f4d72f34869298c5baf8/h2-4.2.0.tar.gz", hash = "sha256:c8a52129695e88b1a0578d8d2cc6842bbd79128ac685463b887ee278126ad01f", size = 2150682, upload-time = "2025-02-02T07:43:51.815Z" }
wheels = [
    { url = "https://files.pythonhosted.org/packages/d0/9e/984486f2d0a0bd2b024bf4bc1c62688fcafa9e61991f041fb0e2def4a982/h2-4.2.0-py3-none-any.whl", hash = "sha256:479a53ad425bb29af087f3458a61d30780bc818e4ebcf01f0b536ba916462ed0", size = 60957, upload-time = "2025-02-01T11:02:26.481Z" },
]

[[package]]
name = "hpack"
version = "4.1.0"
source = { registry = "https://pypi.org/simple" }
sdist = { url = "https://files.pythonhosted.org/packages/2c/48/71de9ed269fdae9c8057e5a4c0aa7402e8bb16f2c6e90b3aa53327b113f8/hpack-4.1.0.tar.gz", hash = "sha256:ec5eca154f7056aa06f196a557655c5b009b382873ac8d1e66e79e87535f1dca", size = 51276, upload-time = "2025-01-22T21:44:58.347Z" }
wheels = [
    { url = "https://files.pythonhosted.org/packages/07/c6/80c95b1b2b94682a72cbdbfb85b81ae2daffa4291fbfa1b1464502ede10d/hpack-4.1.0-py3-none-any.whl", hash = "sha256:157ac792668d995c657d93111f46b4535ed114f0c9c8d672271bbec7eae1b496", size = 34357, upload-time = "2025-01-22T21:44:56.92Z" },
]

[[package]]
name = "humanfriendly"
version = "10.0"
source = { registry = "https://pypi.org/simple" }
dependencies = [
    { name = "pyreadline3", marker = "sys_platform == 'win32'" },
]
sdist = { url = "https://files.pythonhosted.org/packages/cc/3f/2c29224acb2e2df4d2046e4c73ee2662023c58ff5b113c4c1adac0886c43/humanfriendly-10.0.tar.gz", hash = "sha256:6b0b831ce8f15f7300721aa49829fc4e83921a9a301cc7f606be6686a2288ddc", size = 360702, upload-time = "2021-09-17T21:40:43.31Z" }
wheels = [
    { url = "https://files.pythonhosted.org/packages/f0/0f/310fb31e39e2d734ccaa2c0fb981ee41f7bd5056ce9bc29b2248bd569169/humanfriendly-10.0-py2.py3-none-any.whl", hash = "sha256:1697e1a8a8f550fd43c2865cd84542fc175a61dcb779b6fee18cf6b6ccba1477", size = 86794, upload-time = "2021-09-17T21:40:39.897Z" },
]

[[package]]
name = "hyperframe"
version = "6.1.0"
source = { registry = "https://pypi.org/simple" }
sdist = { url = "https://files.pythonhosted.org/packages/02/e7/94f8232d4a74cc99514c13a9f995811485a6903d48e5d952771ef6322e30/hyperframe-6.1.0.tar.gz", hash = "sha256:f630908a00854a7adeabd6382b43923a4c4cd4b821fcb527e6ab9e15382a3b08", size = 26566, upload-time = "2025-01-22T21:41:49.302Z" }
wheels = [
    { url = "https://files.pythonhosted.org/packages/48/30/47d0bf6072f7252e6521f3447ccfa40b421b6824517f82854703d0f5a98b/hyperframe-6.1.0-py3-none-any.whl", hash = "sha256:b03380493a519fce58ea5af42e4a42317bf9bd425596f7a0835ffce80f1a42e5", size = 13007, upload-time = "2025-01-22T21:41:47.295Z" },
]

[[package]]
name = "mpmath"
version = "1.3.0"
source = { registry = "https://pypi.org/simple" }
sdist = { url = "https://files.pythonhosted.org/packages/e0/47/dd32fa426cc72114383ac549964eecb20ecfd886d1e5ccf5340b55b02f57/mpmath-1.3.0.tar.gz", hash = "sha256:7a28eb2a9774d00c7bc92411c19a89209d5da7c4c9a9e227be8330a23a25b91f", size = 508106, upload-time = "2023-03-07T16:47:11.061Z" }
wheels = [
    { url = "https://files.pythonhosted.org/packages/43/e3/7d92a15f894aa0c9c4b49b8ee9ac9850d6e63b03c9c32c0367a13ae62209/mpmath-1.3.0-py3-none-any.whl", hash = "sha256:a0b2b9fe80bbcd81a6647ff13108738cfb482d481d826cc0e02f5b35e5c88d2c", size = 536198, upload-time = "2023-03-07T16:47:09.197Z" },
]

[[package]]
name = "multidict"
version = "6.6.4"
source = { registry = "https://pypi.org/simple" }
dependencies = [
    { name = "typing-extensions" },
]
sdist = { url = "https://files.pythonhosted.org/packages/69/7f/0652e6ed47ab288e3756ea9c0df8b14950781184d4bd7883f4d87dd41245/multidict-6.6.4.tar.gz", hash = "sha256:d2d4e4787672911b48350df02ed3fa3fffdc2f2e8ca06dd6afdf34189b76a9dd", size = 101843, upload-time = "2025-08-11T12:08:48.217Z" }
wheels = [
    { url = "https://files.pythonhosted.org/packages/d4/d3/f04c5db316caee9b5b2cbba66270b358c922a959855995bedde87134287c/multidict-6.6.4-cp39-cp39-macosx_10_9_universal2.whl", hash = "sha256:af7618b591bae552b40dbb6f93f5518328a949dac626ee75927bba1ecdeea9f4", size = 76977, upload-time = "2025-08-11T12:08:16.667Z" },
    { url = "https://files.pythonhosted.org/packages/70/39/a6200417d883e510728ab3caec02d3b66ff09e1c85e0aab2ba311abfdf06/multidict-6.6.4-cp39-cp39-macosx_10_9_x86_64.whl", hash = "sha256:b6819f83aef06f560cb15482d619d0e623ce9bf155115150a85ab11b8342a665", size = 44878, upload-time = "2025-08-11T12:08:18.157Z" },
    { url = "https://files.pythonhosted.org/packages/6f/7e/815be31ed35571b137d65232816f61513fcd97b2717d6a9d7800b5a0c6e0/multidict-6.6.4-cp39-cp39-macosx_11_0_arm64.whl", hash = "sha256:4d09384e75788861e046330308e7af54dd306aaf20eb760eb1d0de26b2bea2cb", size = 44546, upload-time = "2025-08-11T12:08:19.694Z" },
    { url = "https://files.pythonhosted.org/packages/e2/f1/21b5bff6a8c3e2aff56956c241941ace6b8820e1abe6b12d3c52868a773d/multidict-6.6.4-cp39-cp39-manylinux1_i686.manylinux2014_i686.manylinux_2_17_i686.manylinux_2_5_i686.whl", hash = "sha256:a59c63061f1a07b861c004e53869eb1211ffd1a4acbca330e3322efa6dd02978", size = 223020, upload-time = "2025-08-11T12:08:21.554Z" },
    { url = "https://files.pythonhosted.org/packages/15/59/37083f1dd3439979a0ffeb1906818d978d88b4cc7f4600a9f89b1cb6713c/multidict-6.6.4-cp39-cp39-manylinux2014_aarch64.manylinux_2_17_aarch64.manylinux_2_28_aarch64.whl", hash = "sha256:350f6b0fe1ced61e778037fdc7613f4051c8baf64b1ee19371b42a3acdb016a0", size = 240528, upload-time = "2025-08-11T12:08:23.45Z" },
    { url = "https://files.pythonhosted.org/packages/d1/f0/f054d123c87784307a27324c829eb55bcfd2e261eb785fcabbd832c8dc4a/multidict-6.6.4-cp39-cp39-manylinux2014_armv7l.manylinux_2_17_armv7l.manylinux_2_31_armv7l.whl", hash = "sha256:0c5cbac6b55ad69cb6aa17ee9343dfbba903118fd530348c330211dc7aa756d1", size = 219540, upload-time = "2025-08-11T12:08:24.965Z" },
    { url = "https://files.pythonhosted.org/packages/e8/26/8f78ce17b7118149c17f238f28fba2a850b660b860f9b024a34d0191030f/multidict-6.6.4-cp39-cp39-manylinux2014_ppc64le.manylinux_2_17_ppc64le.manylinux_2_28_ppc64le.whl", hash = "sha256:630f70c32b8066ddfd920350bc236225814ad94dfa493fe1910ee17fe4365cbb", size = 251182, upload-time = "2025-08-11T12:08:26.511Z" },
    { url = "https://files.pythonhosted.org/packages/00/c3/a21466322d69f6594fe22d9379200f99194d21c12a5bbf8c2a39a46b83b6/multidict-6.6.4-cp39-cp39-manylinux2014_s390x.manylinux_2_17_s390x.manylinux_2_28_s390x.whl", hash = "sha256:f8d4916a81697faec6cb724a273bd5457e4c6c43d82b29f9dc02c5542fd21fc9", size = 249371, upload-time = "2025-08-11T12:08:28.075Z" },
    { url = "https://files.pythonhosted.org/packages/c2/8e/2e673124eb05cf8dc82e9265eccde01a36bcbd3193e27799b8377123c976/multidict-6.6.4-cp39-cp39-manylinux2014_x86_64.manylinux_2_17_x86_64.manylinux_2_28_x86_64.whl", hash = "sha256:8e42332cf8276bb7645d310cdecca93a16920256a5b01bebf747365f86a1675b", size = 239235, upload-time = "2025-08-11T12:08:29.937Z" },
    { url = "https://files.pythonhosted.org/packages/2b/2d/bdd9f05e7c89e30a4b0e4faf0681a30748f8d1310f68cfdc0e3571e75bd5/multidict-6.6.4-cp39-cp39-musllinux_1_2_aarch64.whl", hash = "sha256:f3be27440f7644ab9a13a6fc86f09cdd90b347c3c5e30c6d6d860de822d7cb53", size = 237410, upload-time = "2025-08-11T12:08:31.872Z" },
    { url = "https://files.pythonhosted.org/packages/46/4c/3237b83f8ca9a2673bb08fc340c15da005a80f5cc49748b587c8ae83823b/multidict-6.6.4-cp39-cp39-musllinux_1_2_armv7l.whl", hash = "sha256:21f216669109e02ef3e2415ede07f4f8987f00de8cdfa0cc0b3440d42534f9f0", size = 232979, upload-time = "2025-08-11T12:08:33.399Z" },
    { url = "https://files.pythonhosted.org/packages/55/a6/a765decff625ae9bc581aed303cd1837955177dafc558859a69f56f56ba8/multidict-6.6.4-cp39-cp39-musllinux_1_2_i686.whl", hash = "sha256:d9890d68c45d1aeac5178ded1d1cccf3bc8d7accf1f976f79bf63099fb16e4bd", size = 240979, upload-time = "2025-08-11T12:08:35.02Z" },
    { url = "https://files.pythonhosted.org/packages/6b/2d/9c75975cb0c66ea33cae1443bb265b2b3cd689bffcbc68872565f401da23/multidict-6.6.4-cp39-cp39-musllinux_1_2_ppc64le.whl", hash = "sha256:edfdcae97cdc5d1a89477c436b61f472c4d40971774ac4729c613b4b133163cb", size = 246849, upload-time = "2025-08-11T12:08:37.038Z" },
    { url = "https://files.pythonhosted.org/packages/3e/71/d21ac0843c1d8751fb5dcf8a1f436625d39d4577bc27829799d09b419af7/multidict-6.6.4-cp39-cp39-musllinux_1_2_s390x.whl", hash = "sha256:0b2e886624be5773e69cf32bcb8534aecdeb38943520b240fed3d5596a430f2f", size = 241798, upload-time = "2025-08-11T12:08:38.669Z" },
    { url = "https://files.pythonhosted.org/packages/94/3d/1d8911e53092837bd11b1c99d71de3e2a9a26f8911f864554677663242aa/multidict-6.6.4-cp39-cp39-musllinux_1_2_x86_64.whl", hash = "sha256:be5bf4b3224948032a845d12ab0f69f208293742df96dc14c4ff9b09e508fc17", size = 235315, upload-time = "2025-08-11T12:08:40.266Z" },
    { url = "https://files.pythonhosted.org/packages/86/c5/4b758df96376f73e936b1942c6c2dfc17e37ed9d5ff3b01a811496966ca0/multidict-6.6.4-cp39-cp39-win32.whl", hash = "sha256:10a68a9191f284fe9d501fef4efe93226e74df92ce7a24e301371293bd4918ae", size = 41434, upload-time = "2025-08-11T12:08:41.965Z" },
    { url = "https://files.pythonhosted.org/packages/58/16/f1dfa2a0f25f2717a5e9e5fe8fd30613f7fe95e3530cec8d11f5de0b709c/multidict-6.6.4-cp39-cp39-win_amd64.whl", hash = "sha256:ee25f82f53262f9ac93bd7e58e47ea1bdcc3393cef815847e397cba17e284210", size = 46186, upload-time = "2025-08-11T12:08:43.367Z" },
    { url = "https://files.pythonhosted.org/packages/88/7d/a0568bac65438c494cb6950b29f394d875a796a237536ac724879cf710c9/multidict-6.6.4-cp39-cp39-win_arm64.whl", hash = "sha256:f9867e55590e0855bcec60d4f9a092b69476db64573c9fe17e92b0c50614c16a", size = 43115, upload-time = "2025-08-11T12:08:45.126Z" },
    { url = "https://files.pythonhosted.org/packages/fd/69/b547032297c7e63ba2af494edba695d781af8a0c6e89e4d06cf848b21d80/multidict-6.6.4-py3-none-any.whl", hash = "sha256:27d8f8e125c07cb954e54d75d04905a9bba8a439c1d84aca94949d4d03d8601c", size = 12313, upload-time = "2025-08-11T12:08:46.891Z" },
]

[[package]]
name = "numpy"
version = "2.0.2"
source = { registry = "https://pypi.org/simple" }
sdist = { url = "https://files.pythonhosted.org/packages/a9/75/10dd1f8116a8b796cb2c737b674e02d02e80454bda953fa7e65d8c12b016/numpy-2.0.2.tar.gz", hash = "sha256:883c987dee1880e2a864ab0dc9892292582510604156762362d9326444636e78", size = 18902015, upload-time = "2024-08-26T20:19:40.945Z" }
wheels = [
    { url = "https://files.pythonhosted.org/packages/43/c1/41c8f6df3162b0c6ffd4437d729115704bd43363de0090c7f913cfbc2d89/numpy-2.0.2-cp39-cp39-macosx_10_9_x86_64.whl", hash = "sha256:9059e10581ce4093f735ed23f3b9d283b9d517ff46009ddd485f1747eb22653c", size = 21169942, upload-time = "2024-08-26T20:14:40.108Z" },
    { url = "https://files.pythonhosted.org/packages/39/bc/fd298f308dcd232b56a4031fd6ddf11c43f9917fbc937e53762f7b5a3bb1/numpy-2.0.2-cp39-cp39-macosx_11_0_arm64.whl", hash = "sha256:423e89b23490805d2a5a96fe40ec507407b8ee786d66f7328be214f9679df6dd", size = 13711512, upload-time = "2024-08-26T20:15:00.985Z" },
    { url = "https://files.pythonhosted.org/packages/96/ff/06d1aa3eeb1c614eda245c1ba4fb88c483bee6520d361641331872ac4b82/numpy-2.0.2-cp39-cp39-macosx_14_0_arm64.whl", hash = "sha256:2b2955fa6f11907cf7a70dab0d0755159bca87755e831e47932367fc8f2f2d0b", size = 5306976, upload-time = "2024-08-26T20:15:10.876Z" },
    { url = "https://files.pythonhosted.org/packages/2d/98/121996dcfb10a6087a05e54453e28e58694a7db62c5a5a29cee14c6e047b/numpy-2.0.2-cp39-cp39-macosx_14_0_x86_64.whl", hash = "sha256:97032a27bd9d8988b9a97a8c4d2c9f2c15a81f61e2f21404d7e8ef00cb5be729", size = 6906494, upload-time = "2024-08-26T20:15:22.055Z" },
    { url = "https://files.pythonhosted.org/packages/15/31/9dffc70da6b9bbf7968f6551967fc21156207366272c2a40b4ed6008dc9b/numpy-2.0.2-cp39-cp39-manylinux_2_17_aarch64.manylinux2014_aarch64.whl", hash = "sha256:1e795a8be3ddbac43274f18588329c72939870a16cae810c2b73461c40718ab1", size = 13912596, upload-time = "2024-08-26T20:15:42.452Z" },
    { url = "https://files.pythonhosted.org/packages/b9/14/78635daab4b07c0930c919d451b8bf8c164774e6a3413aed04a6d95758ce/numpy-2.0.2-cp39-cp39-manylinux_2_17_x86_64.manylinux2014_x86_64.whl", hash = "sha256:f26b258c385842546006213344c50655ff1555a9338e2e5e02a0756dc3e803dd", size = 19526099, upload-time = "2024-08-26T20:16:11.048Z" },
    { url = "https://files.pythonhosted.org/packages/26/4c/0eeca4614003077f68bfe7aac8b7496f04221865b3a5e7cb230c9d055afd/numpy-2.0.2-cp39-cp39-musllinux_1_1_x86_64.whl", hash = "sha256:5fec9451a7789926bcf7c2b8d187292c9f93ea30284802a0ab3f5be8ab36865d", size = 19932823, upload-time = "2024-08-26T20:16:40.171Z" },
    { url = "https://files.pythonhosted.org/packages/f1/46/ea25b98b13dccaebddf1a803f8c748680d972e00507cd9bc6dcdb5aa2ac1/numpy-2.0.2-cp39-cp39-musllinux_1_2_aarch64.whl", hash = "sha256:9189427407d88ff25ecf8f12469d4d39d35bee1db5d39fc5c168c6f088a6956d", size = 14404424, upload-time = "2024-08-26T20:17:02.604Z" },
    { url = "https://files.pythonhosted.org/packages/c8/a6/177dd88d95ecf07e722d21008b1b40e681a929eb9e329684d449c36586b2/numpy-2.0.2-cp39-cp39-win32.whl", hash = "sha256:905d16e0c60200656500c95b6b8dca5d109e23cb24abc701d41c02d74c6b3afa", size = 6476809, upload-time = "2024-08-26T20:17:13.553Z" },
    { url = "https://files.pythonhosted.org/packages/ea/2b/7fc9f4e7ae5b507c1a3a21f0f15ed03e794c1242ea8a242ac158beb56034/numpy-2.0.2-cp39-cp39-win_amd64.whl", hash = "sha256:a3f4ab0caa7f053f6797fcd4e1e25caee367db3112ef2b6ef82d749530768c73", size = 15911314, upload-time = "2024-08-26T20:17:36.72Z" },
    { url = "https://files.pythonhosted.org/packages/8f/3b/df5a870ac6a3be3a86856ce195ef42eec7ae50d2a202be1f5a4b3b340e14/numpy-2.0.2-pp39-pypy39_pp73-macosx_10_9_x86_64.whl", hash = "sha256:7f0a0c6f12e07fa94133c8a67404322845220c06a9e80e85999afe727f7438b8", size = 21025288, upload-time = "2024-08-26T20:18:07.732Z" },
    { url = "https://files.pythonhosted.org/packages/2c/97/51af92f18d6f6f2d9ad8b482a99fb74e142d71372da5d834b3a2747a446e/numpy-2.0.2-pp39-pypy39_pp73-macosx_14_0_x86_64.whl", hash = "sha256:312950fdd060354350ed123c0e25a71327d3711584beaef30cdaa93320c392d4", size = 6762793, upload-time = "2024-08-26T20:18:19.125Z" },
    { url = "https://files.pythonhosted.org/packages/12/46/de1fbd0c1b5ccaa7f9a005b66761533e2f6a3e560096682683a223631fe9/numpy-2.0.2-pp39-pypy39_pp73-manylinux_2_17_x86_64.manylinux2014_x86_64.whl", hash = "sha256:26df23238872200f63518dd2aa984cfca675d82469535dc7162dc2ee52d9dd5c", size = 19334885, upload-time = "2024-08-26T20:18:47.237Z" },
    { url = "https://files.pythonhosted.org/packages/cc/dc/d330a6faefd92b446ec0f0dfea4c3207bb1fef3c4771d19cf4543efd2c78/numpy-2.0.2-pp39-pypy39_pp73-win_amd64.whl", hash = "sha256:a46288ec55ebbd58947d31d72be2c63cbf839f0a63b49cb755022310792a3385", size = 15828784, upload-time = "2024-08-26T20:19:11.19Z" },
]

[[package]]
name = "onnxruntime"
version = "1.19.2"
source = { registry = "https://pypi.org/simple" }
dependencies = [
    { name = "coloredlogs" },
    { name = "flatbuffers" },
    { name = "numpy" },
    { name = "packaging" },
    { name = "protobuf" },
    { name = "sympy" },
]
wheels = [
    { url = "https://files.pythonhosted.org/packages/52/33/52f81d9a10a027e77f139bab93213702002785c41d6ca254b90d83d7c525/onnxruntime-1.19.2-cp39-cp39-macosx_11_0_universal2.whl", hash = "sha256:006c8d326835c017a9e9f74c9c77ebb570a71174a1e89fe078b29a557d9c3848", size = 16776457, upload-time = "2024-09-04T06:38:03.992Z" },
    { url = "https://files.pythonhosted.org/packages/88/e7/8263cff2ca837a8a1cefad1a3bf2e38d1701b4369f750507aa41eca66d2c/onnxruntime-1.19.2-cp39-cp39-manylinux_2_27_aarch64.manylinux_2_28_aarch64.whl", hash = "sha256:df2a94179a42d530b936f154615b54748239c2908ee44f0d722cb4df10670f68", size = 11498178, upload-time = "2024-09-04T06:38:06.544Z" },
    { url = "https://files.pythonhosted.org/packages/12/f4/39c395c98e9ecccb0751f80897a5d065d5070c69823b0c94e95b371b568c/onnxruntime-1.19.2-cp39-cp39-manylinux_2_27_x86_64.manylinux_2_28_x86_64.whl", hash = "sha256:fae4b4de45894b9ce7ae418c5484cbf0341db6813effec01bb2216091c52f7fb", size = 13170017, upload-time = "2024-09-04T06:38:09.473Z" },
    { url = "https://files.pythonhosted.org/packages/49/bc/f52f14ee62f3a033585308ea99644d65fdce5fb008c73ddf82f0f0a4710d/onnxruntime-1.19.2-cp39-cp39-win32.whl", hash = "sha256:dc5430f473e8706fff837ae01323be9dcfddd3ea471c900a91fa7c9b807ec5d3", size = 9591669, upload-time = "2024-09-04T06:38:12.364Z" },
    { url = "https://files.pythonhosted.org/packages/93/b0/d88a23048c7f9033471cb667e9036fa1b0f6451d3a640a46314634a74a06/onnxruntime-1.19.2-cp39-cp39-win_amd64.whl", hash = "sha256:38475e29a95c5f6c62c2c603d69fc7d4c6ccbf4df602bd567b86ae1138881c49", size = 11085591, upload-time = "2024-09-04T06:38:14.816Z" },
]

[[package]]
name = "packaging"
version = "25.0"
source = { registry = "https://pypi.org/simple" }
sdist = { url = "https://files.pythonhosted.org/packages/a1/d4/1fc4078c65507b51b96ca8f8c3ba19e6a61c8253c72794544580a7b6c24d/packaging-25.0.tar.gz", hash = "sha256:d443872c98d677bf60f6a1f2f8c1cb748e8fe762d2bf9d3148b5599295b0fc4f", size = 165727, upload-time = "2025-04-19T11:48:59.673Z" }
wheels = [
    { url = "https://files.pythonhosted.org/packages/20/12/38679034af332785aac8774540895e234f4d07f7545804097de4b666afd8/packaging-25.0-py3-none-any.whl", hash = "sha256:29572ef2b1f17581046b3a2227d5c611fb25ec70ca1ba8554b24b0e69331a484", size = 66469, upload-time = "2025-04-19T11:48:57.875Z" },
]

[[package]]
name = "piper-tts"
version = "1.3.0"
source = { registry = "https://pypi.org/simple" }
dependencies = [
    { name = "onnxruntime" },
]
wheels = [
    { url = "https://files.pythonhosted.org/packages/9b/c0/d9b5f64869274be3ebc6dc483f13791a3c6ebbc0e37fad4e237a76d5365b/piper_tts-1.3.0-cp39-abi3-macosx_10_9_x86_64.whl", hash = "sha256:0af0c90aeddf762555ed940de1ac576acbefb3623e6d5ca4fb1a70359ee7e65d", size = 13819597, upload-time = "2025-07-10T21:07:22.893Z" },
    { url = "https://files.pythonhosted.org/packages/5b/17/6a059c0a45e582fadd4545ed092294fd0add7c679f6c09440af5cd2678b5/piper_tts-1.3.0-cp39-abi3-macosx_11_0_arm64.whl", hash = "sha256:810c91a084d335d32b42928b1ef69d6480cf7e3a5a8b15eff98edd2ef55f2791", size = 13828403, upload-time = "2025-07-10T21:07:25.386Z" },
    { url = "https://files.pythonhosted.org/packages/8c/92/f37e5111440fc6c6336f42f8dab88afaa545394784dc930f808a68883c48/piper_tts-1.3.0-cp39-abi3-manylinux_2_17_aarch64.manylinux2014_aarch64.manylinux_2_28_aarch64.whl", hash = "sha256:8d39f85c3f4b6ade512976849579344fc72595ec613f374dbcf8521716398907", size = 13836863, upload-time = "2025-07-10T21:07:27.616Z" },
    { url = "https://files.pythonhosted.org/packages/2b/73/3d29175cfd93e791baaef3335819778d3f8c8898e2fe16cd0cc8b8163f84/piper_tts-1.3.0-cp39-abi3-manylinux_2_17_x86_64.manylinux2014_x86_64.manylinux_2_28_x86_64.whl", hash = "sha256:234c25474655b26f3418b84522c815c43e9b1bc8a1fdb13c2b28514290c165f0", size = 13836748, upload-time = "2025-07-10T21:07:29.912Z" },
    { url = "https://files.pythonhosted.org/packages/10/a5/d782d469fc19db9bf19f1725d4a6ef77d2413515b61f5017340688f5d093/piper_tts-1.3.0-cp39-abi3-win_amd64.whl", hash = "sha256:dc6b5be4e15f3c0f4a6067b515bc6202ddf3e2b0c6cbd6c8bdeccab2453c89c7", size = 13826773, upload-time = "2025-07-10T21:07:31.95Z" },
]

[[package]]
name = "protobuf"
version = "5.29.5"
source = { registry = "https://pypi.org/simple" }
sdist = { url = "https://files.pythonhosted.org/packages/43/29/d09e70352e4e88c9c7a198d5645d7277811448d76c23b00345670f7c8a38/protobuf-5.29.5.tar.gz", hash = "sha256:bc1463bafd4b0929216c35f437a8e28731a2b7fe3d98bb77a600efced5a15c84", size = 425226, upload-time = "2025-05-28T23:51:59.82Z" }
wheels = [
    { url = "https://files.pythonhosted.org/packages/5f/11/6e40e9fc5bba02988a214c07cf324595789ca7820160bfd1f8be96e48539/protobuf-5.29.5-cp310-abi3-win32.whl", hash = "sha256:3f1c6468a2cfd102ff4703976138844f78ebd1fb45f49011afc5139e9e283079", size = 422963, upload-time = "2025-05-28T23:51:41.204Z" },
    { url = "https://files.pythonhosted.org/packages/81/7f/73cefb093e1a2a7c3ffd839e6f9fcafb7a427d300c7f8aef9c64405d8ac6/protobuf-5.29.5-cp310-abi3-win_amd64.whl", hash = "sha256:3f76e3a3675b4a4d867b52e4a5f5b78a2ef9565549d4037e06cf7b0942b1d3fc", size = 434818, upload-time = "2025-05-28T23:51:44.297Z" },
    { url = "https://files.pythonhosted.org/packages/dd/73/10e1661c21f139f2c6ad9b23040ff36fee624310dc28fba20d33fdae124c/protobuf-5.29.5-cp38-abi3-macosx_10_9_universal2.whl", hash = "sha256:e38c5add5a311f2a6eb0340716ef9b039c1dfa428b28f25a7838ac329204a671", size = 418091, upload-time = "2025-05-28T23:51:45.907Z" },
    { url = "https://files.pythonhosted.org/packages/6c/04/98f6f8cf5b07ab1294c13f34b4e69b3722bb609c5b701d6c169828f9f8aa/protobuf-5.29.5-cp38-abi3-manylinux2014_aarch64.whl", hash = "sha256:fa18533a299d7ab6c55a238bf8629311439995f2e7eca5caaff08663606e9015", size = 319824, upload-time = "2025-05-28T23:51:47.545Z" },
    { url = "https://files.pythonhosted.org/packages/85/e4/07c80521879c2d15f321465ac24c70efe2381378c00bf5e56a0f4fbac8cd/protobuf-5.29.5-cp38-abi3-manylinux2014_x86_64.whl", hash = "sha256:63848923da3325e1bf7e9003d680ce6e14b07e55d0473253a690c3a8b8fd6e61", size = 319942, upload-time = "2025-05-28T23:51:49.11Z" },
    { url = "https://files.pythonhosted.org/packages/e5/59/ca89678bb0352f094fc92f2b358daa40e3acc91a93aa8f922b24762bf841/protobuf-5.29.5-cp39-cp39-win32.whl", hash = "sha256:6f642dc9a61782fa72b90878af134c5afe1917c89a568cd3476d758d3c3a0736", size = 423025, upload-time = "2025-05-28T23:51:54.003Z" },
    { url = "https://files.pythonhosted.org/packages/96/8b/2c62731fe3e92ddbbeca0174f78f0f8739197cdeb7c75ceb5aad3706963b/protobuf-5.29.5-cp39-cp39-win_amd64.whl", hash = "sha256:470f3af547ef17847a28e1f47200a1cbf0ba3ff57b7de50d22776607cd2ea353", size = 434906, upload-time = "2025-05-28T23:51:55.782Z" },
    { url = "https://files.pythonhosted.org/packages/7e/cc/7e77861000a0691aeea8f4566e5d3aa716f2b1dece4a24439437e41d3d25/protobuf-5.29.5-py3-none-any.whl", hash = "sha256:6cf42630262c59b2d8de33954443d94b746c952b01434fc58a417fdbd2e84bd5", size = 172823, upload-time = "2025-05-28T23:51:58.157Z" },
]

[[package]]
name = "pyaudio"
version = "0.2.14"
source = { registry = "https://pypi.org/simple" }
sdist = { url = "https://files.pythonhosted.org/packages/26/1d/8878c7752febb0f6716a7e1a52cb92ac98871c5aa522cba181878091607c/PyAudio-0.2.14.tar.gz", hash = "sha256:78dfff3879b4994d1f4fc6485646a57755c6ee3c19647a491f790a0895bd2f87", size = 47066, upload-time = "2023-11-07T07:11:48.806Z" }
wheels = [
    { url = "https://files.pythonhosted.org/packages/05/4d/8e96cb4e350870b4c8b73f18903804dd9c2d99792beeddf7e7f7c74ed1bd/PyAudio-0.2.14-cp39-cp39-win32.whl", hash = "sha256:f745109634a7c19fa4d6b8b7d6967c3123d988c9ade0cd35d4295ee1acdb53e9", size = 144621, upload-time = "2023-11-07T07:11:46.455Z" },
    { url = "https://files.pythonhosted.org/packages/ac/9e/cb59be3b49a6c1ee6350f27ca1abae2be2c7e643eac63cf10c399c4d6f71/PyAudio-0.2.14-cp39-cp39-win_amd64.whl", hash = "sha256:009f357ee5aa6bc8eb19d69921cd30e98c42cddd34210615d592a71d09c4bd57", size = 164066, upload-time = "2023-11-07T07:11:47.588Z" },
]

[[package]]
name = "pymongo"
version = "4.14.0"
source = { registry = "https://pypi.org/simple" }
dependencies = [
    { name = "dnspython" },
]
sdist = { url = "https://files.pythonhosted.org/packages/bf/1c/f148bb1747c48955dbeea34a53c6d60b858f902c61c62330d277ee806af7/pymongo-4.14.0.tar.gz", hash = "sha256:15674e3fddce78cf134fc4e55f90abf1608a48430130cd35efdf3802fd47a1d1", size = 2213509, upload-time = "2025-08-06T13:41:11.04Z" }
wheels = [
    { url = "https://files.pythonhosted.org/packages/4a/b6/fb29b6ab1fb12d2bc6435ffab0ab7c95fe1d52ada3797e87ddd8e0ba2e6e/pymongo-4.14.0-cp39-cp39-macosx_10_9_x86_64.whl", hash = "sha256:66c70cea48a6d8eba16f7435033fe3f948335132f807a85e9d861f908ea43fe7", size = 750399, upload-time = "2025-08-06T13:40:50.519Z" },
    { url = "https://files.pythonhosted.org/packages/84/ce/daf59afd756818dec80fdc0e7b79290c7545c4b4411f5b6892e4f2923453/pymongo-4.14.0-cp39-cp39-macosx_11_0_arm64.whl", hash = "sha256:f8874b1ac78b204a3df69351b3c594971be91dba80f7a9189b95097595601223", size = 750686, upload-time = "2025-08-06T13:40:52.385Z" },
    { url = "https://files.pythonhosted.org/packages/3c/4c/d6391a88de125323c359d10356337b40e3ee12e98e9aedbcf1be625d1a3b/pymongo-4.14.0-cp39-cp39-manylinux_2_17_aarch64.manylinux2014_aarch64.whl", hash = "sha256:34e1a670892b0435456bbc068e244c71ae3dc0994f7abdf5a0b06db73e32dd86", size = 938343, upload-time = "2025-08-06T13:40:53.855Z" },
    { url = "https://files.pythonhosted.org/packages/2d/5c/0860f7d3959b6d9d02f7f89138417401a3441ec12eda367f5375baada030/pymongo-4.14.0-cp39-cp39-manylinux_2_17_ppc64le.manylinux2014_ppc64le.whl", hash = "sha256:e08f4dcd8f23f7ea2c9ae1bb5a043d9b77dfbf03fc489b7e1de91422b0c4772a", size = 955685, upload-time = "2025-08-06T13:40:55.426Z" },
    { url = "https://files.pythonhosted.org/packages/19/ae/996575516340c8398fae701149f4589a2fe9be0220ca6553e174895d209b/pymongo-4.14.0-cp39-cp39-manylinux_2_17_s390x.manylinux2014_s390x.whl", hash = "sha256:1914e06a443db7e32ddb992050983910bd6861e690200005d7eb1418ad2dc4be", size = 947351, upload-time = "2025-08-06T13:40:57.019Z" },
    { url = "https://files.pythonhosted.org/packages/b3/4a/30804b6303e584c86baaee95e021439de1d56233d6506364b908cfcfea4d/pymongo-4.14.0-cp39-cp39-manylinux_2_17_x86_64.manylinux2014_x86_64.whl", hash = "sha256:71a6915825716edc65239b5658b7de6a09af5d30517706122df66579ddba9349", size = 940243, upload-time = "2025-08-06T13:40:58.631Z" },
    { url = "https://files.pythonhosted.org/packages/4f/1d/3f839a02d94a057102bc3073e6f3811d10ea46879e56f3eccf504db256a9/pymongo-4.14.0-cp39-cp39-manylinux_2_5_i686.manylinux1_i686.manylinux_2_17_i686.manylinux2014_i686.whl", hash = "sha256:2fa071c00fd5556b79c0d94d95b2b778d70ff4ea701aeecb63dd5353d7e025f7", size = 929904, upload-time = "2025-08-06T13:41:00.119Z" },
    { url = "https://files.pythonhosted.org/packages/e7/c5/a032c492fc2e4bc62b363e2749bd7451cd3053136496844c237c03c5febd/pymongo-4.14.0-cp39-cp39-manylinux_2_5_i686.manylinux1_i686.whl", hash = "sha256:f51b4885ed197a874272f1bff99d15d0c1f35c665d86b9a2a6572a10246af974", size = 913179, upload-time = "2025-08-06T13:41:01.666Z" },
    { url = "https://files.pythonhosted.org/packages/96/c6/6fa2f5b3ef1d6111ffea550c553813fb45de442d5f8c1213d11b2955c8c6/pymongo-4.14.0-cp39-cp39-manylinux_2_5_x86_64.manylinux1_x86_64.whl", hash = "sha256:7698c8cf749988b7fd259ea65a5fcd409ebde1c6bc1bf75ab7fadbfbd154a3a4", size = 939587, upload-time = "2025-08-06T13:41:03.257Z" },
    { url = "https://files.pythonhosted.org/packages/60/8a/65263b43dde17f343d9e387da3d42c3beb52615e1e1efeaf38027e2ab15d/pymongo-4.14.0-cp39-cp39-win32.whl", hash = "sha256:85d8d145e06916db46b1e25f39b5361fdf62d58e127b1b1652a0df4ea8081b2f", size = 745836, upload-time = "2025-08-06T13:41:06.264Z" },
    { url = "https://files.pythonhosted.org/packages/cc/dd/6f37bb486e7b441788722587cafcb29822f1de62863bef6eb07629c7d457/pymongo-4.14.0-cp39-cp39-win_amd64.whl", hash = "sha256:ee0e677b2139c5b560b63d745a5f26d2e985f624848132deb366c6d3322836bb", size = 750683, upload-time = "2025-08-06T13:41:07.814Z" },
]

[[package]]
name = "pyreadline3"
version = "3.5.4"
source = { registry = "https://pypi.org/simple" }
sdist = { url = "https://files.pythonhosted.org/packages/0f/49/4cea918a08f02817aabae639e3d0ac046fef9f9180518a3ad394e22da148/pyreadline3-3.5.4.tar.gz", hash = "sha256:8d57d53039a1c75adba8e50dd3d992b28143480816187ea5efbd5c78e6c885b7", size = 99839, upload-time = "2024-09-19T02:40:10.062Z" }
wheels = [
    { url = "https://files.pythonhosted.org/packages/5a/dc/491b7661614ab97483abf2056be1deee4dc2490ecbf7bff9ab5cdbac86e1/pyreadline3-3.5.4-py3-none-any.whl", hash = "sha256:eaf8e6cc3c49bcccf145fc6067ba8643d1df34d604a1ec0eccbf7a18e6d3fae6", size = 83178, upload-time = "2024-09-19T02:40:08.598Z" },
]

[[package]]
name = "speech-service-api"
version = "0.5.2"
source = { git = "https://github.com/viam-labs/speech-service-api.git?rev=v0.5.2#baf9ffe8703d02f4c093db12e5b5de68fe30a720" }
dependencies = [
    { name = "viam-sdk" },
]

[[package]]
name = "sympy"
version = "1.14.0"
source = { registry = "https://pypi.org/simple" }
dependencies = [
    { name = "mpmath" },
]
sdist = { url = "https://files.pythonhosted.org/packages/83/d3/803453b36afefb7c2bb238361cd4ae6125a569b4db67cd9e79846ba2d68c/sympy-1.14.0.tar.gz", hash = "sha256:d3d3fe8df1e5a0b42f0e7bdf50541697dbe7d23746e894990c030e2b05e72517", size = 7793921, upload-time = "2025-04-27T18:05:01.611Z" }
wheels = [
    { url = "https://files.pythonhosted.org/packages/a2/09/77d55d46fd61b4a135c444fc97158ef34a095e5681d0a6c10b75bf356191/sympy-1.14.0-py3-none-any.whl", hash = "sha256:e091cc3e99d2141a0ba2847328f5479b05d94a6635cb96148ccb3f34671bd8f5", size = 6299353, upload-time = "2025-04-27T18:04:59.103Z" },
]

[[package]]
name = "tts-piper"
version = "0.3.0"
source = { editable = "." }
dependencies = [
    { name = "piper-tts" },
    { name = "pyaudio" },
    { name = "speech-service-api" },
    { name = "viam-sdk" },
]

[package.metadata]
requires-dist = [
    { name = "piper-tts" },
    { name = "pyaudio", specifier = ">=0.2.14" },
    { name = "speech-service-api", git = "https://github.com/viam-labs/speech-service-api.git?rev=v0.5.2" },
    { name = "viam-sdk", specifier = ">=0.40.0" },
]

[[package]]
name = "typing-extensions"
version = "4.14.1"
source = { registry = "https://pypi.org/simple" }
sdist = { url = "https://files.pythonhosted.org/packages/98/5a/da40306b885cc8c09109dc2e1abd358d5684b1425678151cdaed4731c822/typing_extensions-4.14.1.tar.gz", hash = "sha256:38b39f4aeeab64884ce9f74c94263ef78f3c22467c8724005483154c26648d36", size = 107673, upload-time = "2025-07-04T13:28:34.16Z" }
wheels = [
    { url = "https://files.pythonhosted.org/packages/b5/00/d631e67a838026495268c2f6884f3711a15a9a2a96cd244fdaea53b823fb/typing_extensions-4.14.1-py3-none-any.whl", hash = "sha256:d1e1e3b58374dc93031d6eda2420a48ea44a36c2b4766a4fdeb3710755731d76", size = 43906, upload-time = "2025-07-04T13:28:32.743Z" },
]

[[package]]
name = "viam-sdk"
version = "0.52.0"
source = { registry = "https://pypi.org/simple" }
dependencies = [
    { name = "googleapis-common-protos" },
    { name = "grpclib" },
    { name = "protobuf" },
    { name = "pymongo" },
    { name = "typing-extensions" },
]
wheels = [
    { url = "https://files.pythonhosted.org/packages/b0/f6/3791b850d9fc0e6e283ff302d4a4ab685f42d600dbeff25d33d578fe6cf3/viam_sdk-0.52.0-py3-none-linux_armv6l.whl", hash = "sha256:fa5c34aed224aaabe912ca5c84127f34df69e5fbbc7d54f3fe52d1a05d466cee", size = 8297223, upload-time = "2025-08-11T20:10:33.657Z" },
    { url = "https://files.pythonhosted.org/packages/82/e7/c3a7def41e1f7de553698424de36cb085be179dddf7eefb8004bf40caf61/viam_sdk-0.52.0-py3-none-linux_armv7l.whl", hash = "sha256:da25ecf6f5f982f8ae2bf61305d560b1d758199e34bd8701b6b0384ade1b6b06", size = 8297498, upload-time = "2025-08-11T20:10:38.257Z" },
    { url = "https://files.pythonhosted.org/packages/72/5b/9c2bb4a2ba7cece0f8f4e5414ee8b08c4af477fe88602560cb9683417a7f/viam_sdk-0.52.0-py3-none-macosx_10_16_x86_64.whl", hash = "sha256:fb574eb4aaa30fa33ea784fce9854d232c676d9b5503e34766fc5720bafad015", size = 7870887, upload-time = "2025-08-11T20:10:39.848Z" },
    { url = "https://files.pythonhosted.org/packages/7c/c2/1d16c239c8da43a8ad6fab445dc6a6bcbc9b2cad38fe631ded18d98089cd/viam_sdk-0.52.0-py3-none-macosx_11_0_arm64.whl", hash = "sha256:4baaa1511f7808e8bd3481ef219267fdea8f96ee014a3975a1fae54b0eef2839", size = 7604061, upload-time = "2025-08-11T20:10:41.701Z" },
    { url = "https://files.pythonhosted.org/packages/98/d3/7a3610f9cdc21577c1e73d4c82f99dcf693a8d6742435d0a98024356e890/viam_sdk-0.52.0-py3-none-manylinux2014_aarch64.whl", hash = "sha256:a4fea2f1144d91b82b3726a0418b764b6d780aa0435349e517dbd67f3904581b", size = 8474805, upload-time = "2025-08-11T20:10:43.413Z" },
    { url = "https://files.pythonhosted.org/packages/eb/ea/919cbef2adfb8ff8558af5fd3580275a62286a5f6c71452e7d2fa224d260/viam_sdk-0.52.0-py3-none-manylinux2014_x86_64.whl", hash = "sha256:d2414bf8b132e53557910971c3af19eb21e1626f8947bcf54c066c5c2da0352b", size = 8549982, upload-time = "2025-08-11T20:10:45.479Z" },
    { url = "https://files.pythonhosted.org/packages/ac/6f/00f5e04453e639cf592752ef04eed045d78a06b1c85843e70eeeb801502c/viam_sdk-0.52.0-py3-none-musllinux_1_2_aarch64.whl", hash = "sha256:77312a41e5cafdc17646cd4c55b628883d1ee97705e942fa2c69d4372ea0dc86", size = 8346895, upload-time = "2025-08-11T20:10:47.428Z" },
    { url = "https://files.pythonhosted.org/packages/5d/14/48809f226b66e14fc0c7f3e5af0fa1ca95779d765c5d2ece6277e941f806/viam_sdk-0.52.0-py3-none-musllinux_1_2_armv7l.whl", hash = "sha256:1edb0fe87e970c69bc9e35d229291d11b4c6bdc02d053af5ca1fddf9f1bdec7a", size = 8184835, upload-time = "2025-08-11T20:10:48.915Z" },
    { url = "https://files.pythonhosted.org/packages/e9/28/ae12001b053725f83317a4b2f8893c9f488592d2f9f7ef8ccc696b0cf304/viam_sdk-0.52.0-py3-none-musllinux_1_2_i686.whl", hash = "sha256:37219603fa4f66c3ea3760380d4bd9d2531c2f15a8fc690b1fc13299a0b65599", size = 8434117, upload-time = "2025-08-11T20:10:50.6Z" },
    { url = "https://files.pythonhosted.org/packages/c1/f1/5b802a0d7c48237435adb53f1f49413d71f97e89ae4c9dd87172c4269274/viam_sdk-0.52.0-py3-none-musllinux_1_2_x86_64.whl", hash = "sha256:11812ab93fd0734f8ec9320a3b00935efdef3e062e69a7ba3eb335fa69895289", size = 8557460, upload-time = "2025-08-11T20:10:52.806Z" },
    { url = "https://files.pythonhosted.org/packages/41/7c/a09dedff359f698a51cec16c6ef01fbdc792e459ce6700178267a190ca23/viam_sdk-0.52.0-py3-none-win_amd64.whl", hash = "sha256:2fad923483aaeaafefe7c2039ec34dee5bec6f47061c6e48c116574013aa839b", size = 7175343, upload-time = "2025-08-11T20:10:54.851Z" },
]
